
Microsoft Visual Studio Solution File, Format Version 12.00
# Visual Studio Version 17
VisualStudioVersion = 17.9.34616.47
MinimumVisualStudioVersion = 10.0.40219.1
Project("{8BC9CEB8-8B4A-11D0-8D11-00A0C91BC942}") = "algo quicksort", "algo quicksort\algo quicksort.vcxproj", "{5402091D-EF1E-4020-A52D-84DDFF51D151}"
EndProject
Global
	GlobalSection(SolutionConfigurationPlatforms) = preSolution
		Debug|x64 = Debug|x64
		Debug|x86 = Debug|x86
		Release|x64 = Release|x64
		Release|x86 = Release|x86
	EndGlobalSection
	GlobalSection(ProjectConfigurationPlatforms) = postSolution
		{5402091D-EF1E-4020-A52D-84DDFF51D151}.Debug|x64.ActiveCfg = Debug|x64
		{5402091D-EF1E-4020-A52D-84DDFF51D151}.Debug|x64.Build.0 = Debug|x64
		{5402091D-EF1E-4020-A52D-84DDFF51D151}.Debug|x86.ActiveCfg = Debug|Win32
		{5402091D-EF1E-4020-A52D-84DDFF51D151}.Debug|x86.Build.0 = Debug|Win32
		{5402091D-EF1E-4020-A52D-84DDFF51D151}.Release|x64.ActiveCfg = Release|x64
		{5402091D-EF1E-4020-A52D-84DDFF51D151}.Release|x64.Build.0 = Release|x64
		{5402091D-EF1E-4020-A52D-84DDFF51D151}.Release|x86.ActiveCfg = Release|Win32
		{5402091D-EF1E-4020-A52D-84DDFF51D151}.Release|x86.Build.0 = Release|Win32
	EndGlobalSection
	GlobalSection(SolutionProperties) = preSolution
		HideSolutionNode = FALSE
	EndGlobalSection
	GlobalSection(ExtensibilityGlobals) = postSolution
		SolutionGuid = {5FD130BE-9E5D-490C-A280-4D58F7A8174D}
	EndGlobalSection
EndGlobal
